PODS:
  - MessageInputBar (0.4.1):
    - MessageInputBar/Core (= 0.4.1)
  - MessageInputBar/AttachmentManager (0.4.1):
    - MessageInputBar/Core
  - MessageInputBar/AutocompleteManager (0.4.1):
    - MessageInputBar/Core
  - MessageInputBar/Core (0.4.1)

DEPENDENCIES:
  - MessageInputBar (from `../`)
  - MessageInputBar/AttachmentManager (from `../`)
  - MessageInputBar/AutocompleteManager (from `../`)

EXTERNAL SOURCES:
  MessageInputBar:
    :path: "../"

SPEC CHECKSUMS:
  MessageInputBar: e81c7535347f1f7b923de7080409a535a004b6e4

PODFILE CHECKSUM: 59ceff645e2e779969697ee2390f43a1a67332f9

COCOAPODS: 1.6.0.beta.2
